
Microsoft Visual Studio Solution File, Format Version 12.00
# Visual Studio 14
VisualStudioVersion = 14.0.24720.0
MinimumVisualStudioVersion = 10.0.40219.1
Project("{FAE04EC0-301F-11D3-BF4B-00C04F79EFBC}") = "Generators", "BBS_bytes_generator\Generators.csproj", "{D06F74A2-80C6-4633-A680-45B48CEA98C7}"
EndProject
Project("{2150E333-8FDC-42A3-9474-1A3956D46DE8}") = "Solution Items", "Solution Items", "{A8F0A35B-0AEF-4ADD-BA85-B5A1C0A9795B}"
	ProjectSection(SolutionItems) = preProject
		BBS_bytes_generator\obj\Debug\BBS_bytes_generator.csproj.FileListAbsolute.txt = BBS_bytes_generator\obj\Debug\BBS_bytes_generator.csproj.FileListAbsolute.txt
	EndProjectSection
EndProject
Global
	GlobalSection(SolutionConfigurationPlatforms) = preSolution
		Debug|Any CPU = Debug|Any CPU
		Release|Any CPU = Release|Any CPU
	EndGlobalSection
	GlobalSection(ProjectConfigurationPlatforms) = postSolution
		{D06F74A2-80C6-4633-A680-45B48CEA98C7}.Debug|Any CPU.ActiveCfg = Debug|Any CPU
		{D06F74A2-80C6-4633-A680-45B48CEA98C7}.Debug|Any CPU.Build.0 = Debug|Any CPU
		{D06F74A2-80C6-4633-A680-45B48CEA98C7}.Release|Any CPU.ActiveCfg = Release|Any CPU
		{D06F74A2-80C6-4633-A680-45B48CEA98C7}.Release|Any CPU.Build.0 = Release|Any CPU
	EndGlobalSection
	GlobalSection(SolutionProperties) = preSolution
		HideSolutionNode = FALSE
	EndGlobalSection
EndGlobal
